
Microsoft Visual Studio Solution File, Format Version 12.00
# Visual Studio Version 17
VisualStudioVersion = 17.9.34902.65
MinimumVisualStudioVersion = 10.0.40219.1
Project("{2150E333-8FDC-42A3-9474-1A3956D46DE8}") = "Projektmappenelemente", "Projektmappenelemente", "{B6168E27-58E6-486D-9AA1-5BD29D5EF211}"
	ProjectSection(SolutionItems) = preProject
		DbContext-scaffold.txt = DbContext-scaffold.txt
	EndProjectSection
EndProject
Project("{FAE04EC0-301F-11D3-BF4B-00C04F79EFBC}") = "Kegelkasse.UnitTests", "Kegelkasse.UnitTests\Kegelkasse.UnitTests.csproj", "{20A51196-D1B9-43C6-ADAD-27ACEB212835}"
EndProject
Project("{FAE04EC0-301F-11D3-BF4B-00C04F79EFBC}") = "Kegelkasse", "Kegelkasse\Kegelkasse.csproj", "{FF91E42C-928C-5F89-6D4F-F53B3EA9625F}"
EndProject
Project("{FAE04EC0-301F-11D3-BF4B-00C04F79EFBC}") = "Kegelkasse.Base", "Kegelkasse.Abstractions\Kegelkasse.Base.csproj", "{7BF1175F-5283-4EAB-922C-76DC22C5C07E}"
EndProject
Project("{FAE04EC0-301F-11D3-BF4B-00C04F79EFBC}") = "Kegelkasse.Foundation", "Kegelkasse.Foundation\Kegelkasse.Foundation.csproj", "{878E5856-3D22-400C-9AB4-C85EDD94BE4E}"
EndProject
Project("{FAE04EC0-301F-11D3-BF4B-00C04F79EFBC}") = "Kegelkasse.MAUI", "Kegelkasse.MAUI\Kegelkasse.MAUI.csproj", "{243A81D4-577A-4940-9060-CEDA67412CAF}"
EndProject
Global
	GlobalSection(SolutionConfigurationPlatforms) = preSolution
		Debug|Any CPU = Debug|Any CPU
		Release|Any CPU = Release|Any CPU
	EndGlobalSection
	GlobalSection(ProjectConfigurationPlatforms) = postSolution
		{20A51196-D1B9-43C6-ADAD-27ACEB212835}.Debug|Any CPU.ActiveCfg = Debug|Any CPU
		{20A51196-D1B9-43C6-ADAD-27ACEB212835}.Debug|Any CPU.Build.0 = Debug|Any CPU
		{20A51196-D1B9-43C6-ADAD-27ACEB212835}.Release|Any CPU.ActiveCfg = Release|Any CPU
		{20A51196-D1B9-43C6-ADAD-27ACEB212835}.Release|Any CPU.Build.0 = Release|Any CPU
		{FF91E42C-928C-5F89-6D4F-F53B3EA9625F}.Debug|Any CPU.ActiveCfg = Debug|Any CPU
		{FF91E42C-928C-5F89-6D4F-F53B3EA9625F}.Debug|Any CPU.Build.0 = Debug|Any CPU
		{FF91E42C-928C-5F89-6D4F-F53B3EA9625F}.Release|Any CPU.ActiveCfg = Release|Any CPU
		{FF91E42C-928C-5F89-6D4F-F53B3EA9625F}.Release|Any CPU.Build.0 = Release|Any CPU
		{7BF1175F-5283-4EAB-922C-76DC22C5C07E}.Debug|Any CPU.ActiveCfg = Debug|Any CPU
		{7BF1175F-5283-4EAB-922C-76DC22C5C07E}.Debug|Any CPU.Build.0 = Debug|Any CPU
		{7BF1175F-5283-4EAB-922C-76DC22C5C07E}.Release|Any CPU.ActiveCfg = Release|Any CPU
		{7BF1175F-5283-4EAB-922C-76DC22C5C07E}.Release|Any CPU.Build.0 = Release|Any CPU
		{878E5856-3D22-400C-9AB4-C85EDD94BE4E}.Debug|Any CPU.ActiveCfg = Debug|Any CPU
		{878E5856-3D22-400C-9AB4-C85EDD94BE4E}.Debug|Any CPU.Build.0 = Debug|Any CPU
		{878E5856-3D22-400C-9AB4-C85EDD94BE4E}.Release|Any CPU.ActiveCfg = Release|Any CPU
		{878E5856-3D22-400C-9AB4-C85EDD94BE4E}.Release|Any CPU.Build.0 = Release|Any CPU
		{243A81D4-577A-4940-9060-CEDA67412CAF}.Debug|Any CPU.ActiveCfg = Debug|Any CPU
		{243A81D4-577A-4940-9060-CEDA67412CAF}.Debug|Any CPU.Build.0 = Debug|Any CPU
		{243A81D4-577A-4940-9060-CEDA67412CAF}.Release|Any CPU.ActiveCfg = Release|Any CPU
		{243A81D4-577A-4940-9060-CEDA67412CAF}.Release|Any CPU.Build.0 = Release|Any CPU
	EndGlobalSection
	GlobalSection(SolutionProperties) = preSolution
		HideSolutionNode = FALSE
	EndGlobalSection
	GlobalSection(ExtensibilityGlobals) = postSolution
		SolutionGuid = {3ADDF94D-7D58-47F7-B251-6E7DE7C77360}
	EndGlobalSection
EndGlobal
